// !$*UTF8*$!
{
	archiveVersion = 1;
	classes = {
	};
	objectVersion = 50;
	objects = {

/* Begin PBXBuildFile section */
		6E25FCA86D2D6DA056DEC502 /* Pods_SectionsTableView.framework in Frameworks */ = {isa = PBXBuildFile; fileRef = 9B7B5E3A0CBB7EE367ED3A2C /* Pods_SectionsTableView.framework */; };
		D31361A622647809006D8E5C /* SectionsTableView.h in Headers */ = {isa = PBXBuildFile; fileRef = D31361A422647809006D8E5C /* SectionsTableView.h */; settings = {ATTRIBUTES = (Public, ); }; };
		D31361D022647F0D006D8E5C /* SectionColorHeader.swift in Sources */ = {isa = PBXBuildFile; fileRef = D31361C822647F0D006D8E5C /* SectionColorHeader.swift */; };
		D31361D122647F0D006D8E5C /* SectionLabelView.xib in Resources */ = {isa = PBXBuildFile; fileRef = D31361C922647F0D006D8E5C /* SectionLabelView.xib */; };
		D31361D222647F0D006D8E5C /* SectionSpinnerView.swift in Sources */ = {isa = PBXBuildFile; fileRef = D31361CA22647F0D006D8E5C /* SectionSpinnerView.swift */; };
		D31361D322647F0D006D8E5C /* SectionLabelView.swift in Sources */ = {isa = PBXBuildFile; fileRef = D31361CB22647F0D006D8E5C /* SectionLabelView.swift */; };
		D31361D422647F0D006D8E5C /* SectionSpinnerView.xib in Resources */ = {isa = PBXBuildFile; fileRef = D31361CC22647F0D006D8E5C /* SectionSpinnerView.xib */; };
		D31361D522647F0D006D8E5C /* SectionEmptyCell.swift in Sources */ = {isa = PBXBuildFile; fileRef = D31361CD22647F0D006D8E5C /* SectionEmptyCell.swift */; };
		D31361D622647F0D006D8E5C /* SectionsTableView.swift in Sources */ = {isa = PBXBuildFile; fileRef = D31361CE22647F0D006D8E5C /* SectionsTableView.swift */; };
		D31362122264AA0A006D8E5C /* UIExtensions.framework in Frameworks */ = {isa = PBXBuildFile; fileRef = D31362112264AA0A006D8E5C /* UIExtensions.framework */; };
/* End PBXBuildFile section */

/* Begin PBXFileReference section */
		732C61DC98A41F3528A2B705 /* Pods-SectionsTableView.release.xcconfig */ = {isa = PBXFileReference; includeInIndex = 1; lastKnownFileType = text.xcconfig; name = "Pods-SectionsTableView.release.xcconfig"; path = "Target Support Files/Pods-SectionsTableView/Pods-SectionsTableView.release.xcconfig"; sourceTree = "<group>"; };
		8FB59781958D9DEB48BD6783 /* Pods-SectionsTableView.debug.xcconfig */ = {isa = PBXFileReference; includeInIndex = 1; lastKnownFileType = text.xcconfig; name = "Pods-SectionsTableView.debug.xcconfig"; path = "Target Support Files/Pods-SectionsTableView/Pods-SectionsTableView.debug.xcconfig"; sourceTree = "<group>"; };
		9B7B5E3A0CBB7EE367ED3A2C /* Pods_SectionsTableView.framework */ = {isa = PBXFileReference; explicitFileType = wrapper.framework; includeInIndex = 0; path = Pods_SectionsTableView.framework; sourceTree = BUILT_PRODUCTS_DIR; };
		D31361A122647809006D8E5C /* SectionsTableView.framework */ = {isa = PBXFileReference; explicitFileType = wrapper.framework; includeInIndex = 0; path = SectionsTableView.framework; sourceTree = BUILT_PRODUCTS_DIR; };
		D31361A422647809006D8E5C /* SectionsTableView.h */ = {isa = PBXFileReference; lastKnownFileType = sourcecode.c.h; path = SectionsTableView.h; sourceTree = "<group>"; };
		D31361A522647809006D8E5C /* Info.plist */ = {isa = PBXFileReference; lastKnownFileType = text.plist.xml; path = Info.plist; sourceTree = "<group>"; };
		D31361C822647F0D006D8E5C /* SectionColorHeader.swift */ = {isa = PBXFileReference; fileEncoding = 4; lastKnownFileType = sourcecode.swift; path = SectionColorHeader.swift; sourceTree = "<group>"; };
		D31361C922647F0D006D8E5C /* SectionLabelView.xib */ = {isa = PBXFileReference; fileEncoding = 4; lastKnownFileType = file.xib; path = SectionLabelView.xib; sourceTree = "<group>"; };
		D31361CA22647F0D006D8E5C /* SectionSpinnerView.swift */ = {isa = PBXFileReference; fileEncoding = 4; lastKnownFileType = sourcecode.swift; path = SectionSpinnerView.swift; sourceTree = "<group>"; };
		D31361CB22647F0D006D8E5C /* SectionLabelView.swift */ = {isa = PBXFileReference; fileEncoding = 4; lastKnownFileType = sourcecode.swift; path = SectionLabelView.swift; sourceTree = "<group>"; };
		D31361CC22647F0D006D8E5C /* SectionSpinnerView.xib */ = {isa = PBXFileReference; fileEncoding = 4; lastKnownFileType = file.xib; path = SectionSpinnerView.xib; sourceTree = "<group>"; };
		D31361CD22647F0D006D8E5C /* SectionEmptyCell.swift */ = {isa = PBXFileReference; fileEncoding = 4; lastKnownFileType = sourcecode.swift; path = SectionEmptyCell.swift; sourceTree = "<group>"; };
		D31361CE22647F0D006D8E5C /* SectionsTableView.swift */ = {isa = PBXFileReference; fileEncoding = 4; lastKnownFileType = sourcecode.swift; path = SectionsTableView.swift; sourceTree = "<group>"; };
		D31362112264AA0A006D8E5C /* UIExtensions.framework */ = {isa = PBXFileReference; explicitFileType = wrapper.framework; path = UIExtensions.framework; sourceTree = BUILT_PRODUCTS_DIR; };
/* End PBXFileReference section */

/* Begin PBXFrameworksBuildPhase section */
		D313619E22647809006D8E5C /* Frameworks */ = {
			isa = PBXFrameworksBuildPhase;
			buildActionMask = 2147483647;
			files = (
				D31362122264AA0A006D8E5C /* UIExtensions.framework in Frameworks */,
				6E25FCA86D2D6DA056DEC502 /* Pods_SectionsTableView.framework in Frameworks */,
			);
			runOnlyForDeploymentPostprocessing = 0;
		};
/* End PBXFrameworksBuildPhase section */

/* Begin PBXGroup section */
		75BF7315C129E95C8E89ED9E /* Frameworks */ = {
			isa = PBXGroup;
			children = (
				D31362112264AA0A006D8E5C /* UIExtensions.framework */,
				9B7B5E3A0CBB7EE367ED3A2C /* Pods_SectionsTableView.framework */,
			);
			name = Frameworks;
			sourceTree = "<group>";
		};
		B07458DC4986C0E7A0360C81 /* Pods */ = {
			isa = PBXGroup;
			children = (
				8FB59781958D9DEB48BD6783 /* Pods-SectionsTableView.debug.xcconfig */,
				732C61DC98A41F3528A2B705 /* Pods-SectionsTableView.release.xcconfig */,
			);
			name = Pods;
			path = ../Pods;
			sourceTree = "<group>";
		};
		D313619722647809006D8E5C = {
			isa = PBXGroup;
			children = (
				D31361A322647809006D8E5C /* SectionsTableView */,
				D31361A222647809006D8E5C /* Products */,
				75BF7315C129E95C8E89ED9E /* Frameworks */,
				B07458DC4986C0E7A0360C81 /* Pods */,
			);
			sourceTree = "<group>";
		};
		D31361A222647809006D8E5C /* Products */ = {
			isa = PBXGroup;
			children = (
				D31361A122647809006D8E5C /* SectionsTableView.framework */,
			);
			name = Products;
			sourceTree = "<group>";
		};
		D31361A322647809006D8E5C /* SectionsTableView */ = {
			isa = PBXGroup;
			children = (
				D31361C822647F0D006D8E5C /* SectionColorHeader.swift */,
				D31361CD22647F0D006D8E5C /* SectionEmptyCell.swift */,
				D31361CB22647F0D006D8E5C /* SectionLabelView.swift */,
				D31361C922647F0D006D8E5C /* SectionLabelView.xib */,
				D31361CA22647F0D006D8E5C /* SectionSpinnerView.swift */,
				D31361CC22647F0D006D8E5C /* SectionSpinnerView.xib */,
				D31361CE22647F0D006D8E5C /* SectionsTableView.swift */,
				D31361A422647809006D8E5C /* SectionsTableView.h */,
				D31361A522647809006D8E5C /* Info.plist */,
			);
			path = SectionsTableView;
			sourceTree = "<group>";
		};
/* End PBXGroup section */

/* Begin PBXHeadersBuildPhase section */
		D313619C22647809006D8E5C /* Headers */ = {
			isa = PBXHeadersBuildPhase;
			buildActionMask = 2147483647;
			files = (
				D31361A622647809006D8E5C /* SectionsTableView.h in Headers */,
			);
			runOnlyForDeploymentPostprocessing = 0;
		};
/* End PBXHeadersBuildPhase section */

/* Begin PBXNativeTarget section */
		D31361A022647809006D8E5C /* SectionsTableView */ = {
			isa = PBXNativeTarget;
			buildConfigurationList = D31361A922647809006D8E5C /* Build configuration list for PBXNativeTarget "SectionsTableView" */;
			buildPhases = (
				9DB1C7467AFD6FC0C3076F09 /* [CP] Check Pods Manifest.lock */,
				D313619C22647809006D8E5C /* Headers */,
				D313619D22647809006D8E5C /* Sources */,
				D313619E22647809006D8E5C /* Frameworks */,
				D313619F22647809006D8E5C /* Resources */,
			);
			buildRules = (
			);
			dependencies = (
			);
			name = SectionsTableView;
			productName = SectionsTableView;
			productReference = D31361A122647809006D8E5C /* SectionsTableView.framework */;
			productType = "com.apple.product-type.framework";
		};
/* End PBXNativeTarget section */

/* Begin PBXProject section */
		D313619822647809006D8E5C /* Project object */ = {
			isa = PBXProject;
			attributes = {
				LastUpgradeCheck = 1020;
				ORGANIZATIONNAME = "Horizontal Systems";
				TargetAttributes = {
					D31361A022647809006D8E5C = {
						CreatedOnToolsVersion = 10.2;
						LastSwiftMigration = 1020;
					};
				};
			};
			buildConfigurationList = D313619B22647809006D8E5C /* Build configuration list for PBXProject "SectionsTableView" */;
			compatibilityVersion = "Xcode 9.3";
			developmentRegion = en;
			hasScannedForEncodings = 0;
			knownRegions = (
				en,
			);
			mainGroup = D313619722647809006D8E5C;
			productRefGroup = D31361A222647809006D8E5C /* Products */;
			projectDirPath = "";
			projectRoot = "";
			targets = (
				D31361A022647809006D8E5C /* SectionsTableView */,
			);
		};
/* End PBXProject section */

/* Begin PBXResourcesBuildPhase section */
		D313619F22647809006D8E5C /* Resources */ = {
			isa = PBXResourcesBuildPhase;
			buildActionMask = 2147483647;
			files = (
				D31361D422647F0D006D8E5C /* SectionSpinnerView.xib in Resources */,
				D31361D122647F0D006D8E5C /* SectionLabelView.xib in Resources */,
			);
			runOnlyForDeploymentPostprocessing = 0;
		};
/* End PBXResourcesBuildPhase section */

/* Begin PBXShellScriptBuildPhase section */
		9DB1C7467AFD6FC0C3076F09 /* [CP] Check Pods Manifest.lock */ = {
			isa = PBXShellScriptBuildPhase;
			buildActionMask = 2147483647;
			files = (
			);
			inputFileListPaths = (
			);
			inputPaths = (
				"${PODS_PODFILE_DIR_PATH}/Podfile.lock",
				"${PODS_ROOT}/Manifest.lock",
			);
			name = "[CP] Check Pods Manifest.lock";
			outputFileListPaths = (
			);
			outputPaths = (
				"$(DERIVED_FILE_DIR)/Pods-SectionsTableView-checkManifestLockResult.txt",
			);
			runOnlyForDeploymentPostprocessing = 0;
			shellPath = /bin/sh;
			shellScript = "diff \"${PODS_PODFILE_DIR_PATH}/Podfile.lock\" \"${PODS_ROOT}/Manifest.lock\" > /dev/null\nif [ $? != 0 ] ; then\n    # print error to STDERR\n    echo \"error: The sandbox is not in sync with the Podfile.lock. Run 'pod install' or update your CocoaPods installation.\" >&2\n    exit 1\nfi\n# This output is used by Xcode 'outputs' to avoid re-running this script phase.\necho \"SUCCESS\" > \"${SCRIPT_OUTPUT_FILE_0}\"\n";
			showEnvVarsInLog = 0;
		};
/* End PBXShellScriptBuildPhase section */

/* Begin PBXSourcesBuildPhase section */
		D313619D22647809006D8E5C /* Sources */ = {
			isa = PBXSourcesBuildPhase;
			buildActionMask = 2147483647;
			files = (
				D31361D322647F0D006D8E5C /* SectionLabelView.swift in Sources */,
				D31361D522647F0D006D8E5C /* SectionEmptyCell.swift in Sources */,
				D31361D622647F0D006D8E5C /* SectionsTableView.swift in Sources */,
				D31361D222647F0D006D8E5C /* SectionSpinnerView.swift in Sources */,
				D31361D022647F0D006D8E5C /* SectionColorHeader.swift in Sources */,
			);
			runOnlyForDeploymentPostprocessing = 0;
		};
/* End PBXSourcesBuildPhase section */

/* Begin XCBuildConfiguration section */
		D31361A722647809006D8E5C /* Debug */ = {
			isa = XCBuildConfiguration;
			buildSettings = {
				ALWAYS_SEARCH_USER_PATHS = NO;
				CLANG_ANALYZER_NONNULL = YES;
				CLANG_ANALYZER_NUMBER_OBJECT_CONVERSION = YES_AGGRESSIVE;
				CLANG_CXX_LANGUAGE_STANDARD = "gnu++14";
				CLANG_CXX_LIBRARY = "libc++";
				CLANG_ENABLE_MODULES = YES;
				CLANG_ENABLE_OBJC_ARC = YES;
				CLANG_ENABLE_OBJC_WEAK = YES;
				CLANG_WARN_BLOCK_CAPTURE_AUTORELEASING = YES;
				CLANG_WARN_BOOL_CONVERSION = YES;
				CLANG_WARN_COMMA = YES;
				CLANG_WARN_CONSTANT_CONVERSION = YES;
				CLANG_WARN_DEPRECATED_OBJC_IMPLEMENTATIONS = YES;
				CLANG_WARN_DIRECT_OBJC_ISA_USAGE = YES_ERROR;
				CLANG_WARN_DOCUMENTATION_COMMENTS = YES;
				CLANG_WARN_EMPTY_BODY = YES;
				CLANG_WARN_ENUM_CONVERSION = YES;
				CLANG_WARN_INFINITE_RECURSION = YES;
				CLANG_WARN_INT_CONVERSION = YES;
				CLANG_WARN_NON_LITERAL_NULL_CONVERSION = YES;
				CLANG_WARN_OBJC_IMPLICIT_RETAIN_SELF = YES;
				CLANG_WARN_OBJC_LITERAL_CONVERSION = YES;
				CLANG_WARN_OBJC_ROOT_CLASS = YES_ERROR;
				CLANG_WARN_RANGE_LOOP_ANALYSIS = YES;
				CLANG_WARN_STRICT_PROTOTYPES = YES;
				CLANG_WARN_SUSPICIOUS_MOVE = YES;
				CLANG_WARN_UNGUARDED_AVAILABILITY = YES_AGGRESSIVE;
				CLANG_WARN_UNREACHABLE_CODE = YES;
				CLANG_WARN__DUPLICATE_METHOD_MATCH = YES;
				CODE_SIGN_IDENTITY = "iPhone Developer";
				COPY_PHASE_STRIP = NO;
				CURRENT_PROJECT_VERSION = 1;
				DEBUG_INFORMATION_FORMAT = dwarf;
				ENABLE_STRICT_OBJC_MSGSEND = YES;
				ENABLE_TESTABILITY = YES;
				GCC_C_LANGUAGE_STANDARD = gnu11;
				GCC_DYNAMIC_NO_PIC = NO;
				GCC_NO_COMMON_BLOCKS = YES;
				GCC_OPTIMIZATION_LEVEL = 0;
				GCC_PREPROCESSOR_DEFINITIONS = (
					"DEBUG=1",
					"$(inherited)",
				);
				GCC_WARN_64_TO_32_BIT_CONVERSION = YES;
				GCC_WARN_ABOUT_RETURN_TYPE = YES_ERROR;
				GCC_WARN_UNDECLARED_SELECTOR = YES;
				GCC_WARN_UNINITIALIZED_AUTOS = YES_AGGRESSIVE;
				GCC_WARN_UNUSED_FUNCTION = YES;
				GCC_WARN_UNUSED_VARIABLE = YES;
				IPHONEOS_DEPLOYMENT_TARGET = 11.0;
				MTL_ENABLE_DEBUG_INFO = INCLUDE_SOURCE;
				MTL_FAST_MATH = YES;
				ONLY_ACTIVE_ARCH = YES;
				SDKROOT = iphoneos;
				SWIFT_ACTIVE_COMPILATION_CONDITIONS = DEBUG;
				SWIFT_OPTIMIZATION_LEVEL = "-Onone";
				VERSIONING_SYSTEM = "apple-generic";
				VERSION_INFO_PREFIX = "";
			};
			name = Debug;
		};
		D31361A822647809006D8E5C /* Release */ = {
			isa = XCBuildConfiguration;
			buildSettings = {
				ALWAYS_SEARCH_USER_PATHS = NO;
				CLANG_ANALYZER_NONNULL = YES;
				CLANG_ANALYZER_NUMBER_OBJECT_CONVERSION = YES_AGGRESSIVE;
				CLANG_CXX_LANGUAGE_STANDARD = "gnu++14";
				CLANG_CXX_LIBRARY = "libc++";
				CLANG_ENABLE_MODULES = YES;
				CLANG_ENABLE_OBJC_ARC = YES;
				CLANG_ENABLE_OBJC_WEAK = YES;
				CLANG_WARN_BLOCK_CAPTURE_AUTORELEASING = YES;
				CLANG_WARN_BOOL_CONVERSION = YES;
				CLANG_WARN_COMMA = YES;
				CLANG_WARN_CONSTANT_CONVERSION = YES;
				CLANG_WARN_DEPRECATED_OBJC_IMPLEMENTATIONS = YES;
				CLANG_WARN_DIRECT_OBJC_ISA_USAGE = YES_ERROR;
				CLANG_WARN_DOCUMENTATION_COMMENTS = YES;
				CLANG_WARN_EMPTY_BODY = YES;
				CLANG_WARN_ENUM_CONVERSION = YES;
				CLANG_WARN_INFINITE_RECURSION = YES;
				CLANG_WARN_INT_CONVERSION = YES;
				CLANG_WARN_NON_LITERAL_NULL_CONVERSION = YES;
				CLANG_WARN_OBJC_IMPLICIT_RETAIN_SELF = YES;
				CLANG_WARN_OBJC_LITERAL_CONVERSION = YES;
				CLANG_WARN_OBJC_ROOT_CLASS = YES_ERROR;
				CLANG_WARN_RANGE_LOOP_ANALYSIS = YES;
				CLANG_WARN_STRICT_PROTOTYPES = YES;
				CLANG_WARN_SUSPICIOUS_MOVE = YES;
				CLANG_WARN_UNGUARDED_AVAILABILITY = YES_AGGRESSIVE;
				CLANG_WARN_UNREACHABLE_CODE = YES;
				CLANG_WARN__DUPLICATE_METHOD_MATCH = YES;
				CODE_SIGN_IDENTITY = "iPhone Developer";
				COPY_PHASE_STRIP = NO;
				CURRENT_PROJECT_VERSION = 1;
				DEBUG_INFORMATION_FORMAT = "dwarf-with-dsym";
				ENABLE_NS_ASSERTIONS = NO;
				ENABLE_STRICT_OBJC_MSGSEND = YES;
				GCC_C_LANGUAGE_STANDARD = gnu11;
				GCC_NO_COMMON_BLOCKS = YES;
				GCC_WARN_64_TO_32_BIT_CONVERSION = YES;
				GCC_WARN_ABOUT_RETURN_TYPE = YES_ERROR;
				GCC_WARN_UNDECLARED_SELECTOR = YES;
				GCC_WARN_UNINITIALIZED_AUTOS = YES_AGGRESSIVE;
				GCC_WARN_UNUSED_FUNCTION = YES;
				GCC_WARN_UNUSED_VARIABLE = YES;
				IPHONEOS_DEPLOYMENT_TARGET = 11.0;
				MTL_ENABLE_DEBUG_INFO = NO;
				MTL_FAST_MATH = YES;
				SDKROOT = iphoneos;
				SWIFT_COMPILATION_MODE = wholemodule;
				SWIFT_OPTIMIZATION_LEVEL = "-O";
				VALIDATE_PRODUCT = YES;
				VERSIONING_SYSTEM = "apple-generic";
				VERSION_INFO_PREFIX = "";
			};
			name = Release;
		};
		D31361AA22647809006D8E5C /* Debug */ = {
			isa = XCBuildConfiguration;
			baseConfigurationReference = 8FB59781958D9DEB48BD6783 /* Pods-SectionsTableView.debug.xcconfig */;
			buildSettings = {
				CLANG_ENABLE_MODULES = YES;
				CODE_SIGN_IDENTITY = "";
				CODE_SIGN_STYLE = Automatic;
				DEFINES_MODULE = YES;
				DEVELOPMENT_TEAM = HC4MCAXJ66;
				DYLIB_COMPATIBILITY_VERSION = 1;
				DYLIB_CURRENT_VERSION = 1;
				DYLIB_INSTALL_NAME_BASE = "@rpath";
				INFOPLIST_FILE = SectionsTableView/Info.plist;
				INSTALL_PATH = "$(LOCAL_LIBRARY_DIR)/Frameworks";
				LD_RUNPATH_SEARCH_PATHS = (
					"$(inherited)",
					"@executable_path/Frameworks",
					"@loader_path/Frameworks",
				);
				PRODUCT_BUNDLE_IDENTIFIER = io.horizontalsystems.SectionsTableView;
				PRODUCT_NAME = SectionsTableView;
				SKIP_INSTALL = YES;
				SWIFT_OPTIMIZATION_LEVEL = "-Onone";
				SWIFT_VERSION = 5.0;
				TARGETED_DEVICE_FAMILY = "1,2";
			};
			name = Debug;
		};
		D31361AB22647809006D8E5C /* Release */ = {
			isa = XCBuildConfiguration;
			baseConfigurationReference = 732C61DC98A41F3528A2B705 /* Pods-SectionsTableView.release.xcconfig */;
			buildSettings = {
				CLANG_ENABLE_MODULES = YES;
				CODE_SIGN_IDENTITY = "";
				CODE_SIGN_STYLE = Automatic;
				DEFINES_MODULE = YES;
				DEVELOPMENT_TEAM = HC4MCAXJ66;
				DYLIB_COMPATIBILITY_VERSION = 1;
				DYLIB_CURRENT_VERSION = 1;
				DYLIB_INSTALL_NAME_BASE = "@rpath";
				INFOPLIST_FILE = SectionsTableView/Info.plist;
				INSTALL_PATH = "$(LOCAL_LIBRARY_DIR)/Frameworks";
				LD_RUNPATH_SEARCH_PATHS = (
					"$(inherited)",
					"@executable_path/Frameworks",
					"@loader_path/Frameworks",
				);
				PRODUCT_BUNDLE_IDENTIFIER = io.horizontalsystems.SectionsTableView;
				PRODUCT_NAME = SectionsTableView;
				SKIP_INSTALL = YES;
				SWIFT_VERSION = 5.0;
				TARGETED_DEVICE_FAMILY = "1,2";
			};
			name = Release;
		};
/* End XCBuildConfiguration section */

/* Begin XCConfigurationList section */
		D313619B22647809006D8E5C /* Build configuration list for PBXProject "SectionsTableView" */ = {
			isa = XCConfigurationList;
			buildConfigurations = (
				D31361A722647809006D8E5C /* Debug */,
				D31361A822647809006D8E5C /* Release */,
			);
			defaultConfigurationIsVisible = 0;
			defaultConfigurationName = Release;
		};
		D31361A922647809006D8E5C /* Build configuration list for PBXNativeTarget "SectionsTableView" */ = {
			isa = XCConfigurationList;
			buildConfigurations = (
				D31361AA22647809006D8E5C /* Debug */,
				D31361AB22647809006D8E5C /* Release */,
			);
			defaultConfigurationIsVisible = 0;
			defaultConfigurationName = Release;
		};
/* End XCConfigurationList section */
	};
	rootObject = D313619822647809006D8E5C /* Project object */;
}
